
Microsoft Visual Studio Solution File, Format Version 12.00
# Visual Studio 15
VisualStudioVersion = 15.0.28307.329
MinimumVisualStudioVersion = 10.0.40219.1
Project("{FAE04EC0-301F-11D3-BF4B-00C04F79EFBC}") = "AlianzaPetrolera", "AlianzaPetrolera\AlianzaPetrolera.csproj", "{08E4CB5A-7426-4E18-AA60-120FF4EE876D}"
EndProject
Global
	GlobalSection(SolutionConfigurationPlatforms) = preSolution
		Debug|Any CPU = Debug|Any CPU
		Release|Any CPU = Release|Any CPU
	EndGlobalSection
	GlobalSection(ProjectConfigurationPlatforms) = postSolution
		{08E4CB5A-7426-4E18-AA60-120FF4EE876D}.Debug|Any CPU.ActiveCfg = Debug|Any CPU
		{08E4CB5A-7426-4E18-AA60-120FF4EE876D}.Debug|Any CPU.Build.0 = Debug|Any CPU
		{08E4CB5A-7426-4E18-AA60-120FF4EE876D}.Release|Any CPU.ActiveCfg = Release|Any CPU
		{08E4CB5A-7426-4E18-AA60-120FF4EE876D}.Release|Any CPU.Build.0 = Release|Any CPU
	EndGlobalSection
	GlobalSection(SolutionProperties) = preSolution
		HideSolutionNode = FALSE
	EndGlobalSection
	GlobalSection(ExtensibilityGlobals) = postSolution
		SolutionGuid = {6FD674E5-10D6-4916-9319-AFAB26525A55}
	EndGlobalSection
EndGlobal
